
Microsoft Visual Studio Solution File, Format Version 12.00
# Visual Studio 15
VisualStudioVersion = 15.0.28307.572
MinimumVisualStudioVersion = 10.0.40219.1
Project("{FAE04EC0-301F-11D3-BF4B-00C04F79EFBC}") = "WindowsFormsApp1", "WindowsFormsApp1\WindowsFormsApp1.csproj", "{26000133-D3ED-4FFB-A0F8-EA9C36A8ED3E}"
EndProject
Global
	GlobalSection(SolutionConfigurationPlatforms) = preSolution
		Debug|Any CPU = Debug|Any CPU
		Release|Any CPU = Release|Any CPU
	EndGlobalSection
	GlobalSection(ProjectConfigurationPlatforms) = postSolution
		{26000133-D3ED-4FFB-A0F8-EA9C36A8ED3E}.Debug|Any CPU.ActiveCfg = Debug|Any CPU
		{26000133-D3ED-4FFB-A0F8-EA9C36A8ED3E}.Debug|Any CPU.Build.0 = Debug|Any CPU
		{26000133-D3ED-4FFB-A0F8-EA9C36A8ED3E}.Release|Any CPU.ActiveCfg = Release|Any CPU
		{26000133-D3ED-4FFB-A0F8-EA9C36A8ED3E}.Release|Any CPU.Build.0 = Release|Any CPU
	EndGlobalSection
	GlobalSection(SolutionProperties) = preSolution
		HideSolutionNode = FALSE
	EndGlobalSection
	GlobalSection(ExtensibilityGlobals) = postSolution
		SolutionGuid = {BB8861ED-B248-4C4B-9451-F061EA769FC2}
	EndGlobalSection
EndGlobal
